
Microsoft Visual Studio Solution File, Format Version 12.00
# Visual Studio Version 16
VisualStudioVersion = 16.0.29519.87
MinimumVisualStudioVersion = 10.0.40219.1
Project("{FAE04EC0-301F-11D3-BF4B-00C04F79EFBC}") = "HelloWorld", "HelloWorld\HelloWorld.csproj", "{DF4E0C07-43EB-49BA-9134-DEAC35C7A46C}"
EndProject
Project("{FAE04EC0-301F-11D3-BF4B-00C04F79EFBC}") = "Calculator", "Calculator\Calculator.csproj", "{ECCD4789-023F-4DD3-B3E6-8D90EC90EAFC}"
EndProject
Project("{FAE04EC0-301F-11D3-BF4B-00C04F79EFBC}") = "DesktopContactsApp", "DesktopContactsApp\DesktopContactsApp.csproj", "{1F7C2614-ED54-4A1B-8CB8-B0D1022CAA99}"
EndProject
Project("{9A19103F-16F7-4668-BE54-9A1E7A4F7556}") = "FileAndHttp", "FileAndHttp\FileAndHttp.csproj", "{FC7E3323-93C9-4429-8BB6-F372B756DB50}"
EndProject
Project("{FAE04EC0-301F-11D3-BF4B-00C04F79EFBC}") = "WeatherApp", "WeatherApp\WeatherApp.csproj", "{BDA96682-7A64-4C34-A57A-F2B4E3BFFE93}"
EndProject
Project("{FAE04EC0-301F-11D3-BF4B-00C04F79EFBC}") = "NotesApp", "NotesApp\NotesApp.csproj", "{0439478F-9CC1-4A50-8FF4-C887D18D0248}"
EndProject
Global
	GlobalSection(SolutionConfigurationPlatforms) = preSolution
		Debug|Any CPU = Debug|Any CPU
		Release|Any CPU = Release|Any CPU
	EndGlobalSection
	GlobalSection(ProjectConfigurationPlatforms) = postSolution
		{DF4E0C07-43EB-49BA-9134-DEAC35C7A46C}.Debug|Any CPU.ActiveCfg = Debug|Any CPU
		{DF4E0C07-43EB-49BA-9134-DEAC35C7A46C}.Debug|Any CPU.Build.0 = Debug|Any CPU
		{DF4E0C07-43EB-49BA-9134-DEAC35C7A46C}.Release|Any CPU.ActiveCfg = Release|Any CPU
		{DF4E0C07-43EB-49BA-9134-DEAC35C7A46C}.Release|Any CPU.Build.0 = Release|Any CPU
		{ECCD4789-023F-4DD3-B3E6-8D90EC90EAFC}.Debug|Any CPU.ActiveCfg = Debug|Any CPU
		{ECCD4789-023F-4DD3-B3E6-8D90EC90EAFC}.Debug|Any CPU.Build.0 = Debug|Any CPU
		{ECCD4789-023F-4DD3-B3E6-8D90EC90EAFC}.Release|Any CPU.ActiveCfg = Release|Any CPU
		{ECCD4789-023F-4DD3-B3E6-8D90EC90EAFC}.Release|Any CPU.Build.0 = Release|Any CPU
		{1F7C2614-ED54-4A1B-8CB8-B0D1022CAA99}.Debug|Any CPU.ActiveCfg = Debug|Any CPU
		{1F7C2614-ED54-4A1B-8CB8-B0D1022CAA99}.Debug|Any CPU.Build.0 = Debug|Any CPU
		{1F7C2614-ED54-4A1B-8CB8-B0D1022CAA99}.Release|Any CPU.ActiveCfg = Release|Any CPU
		{1F7C2614-ED54-4A1B-8CB8-B0D1022CAA99}.Release|Any CPU.Build.0 = Release|Any CPU
		{FC7E3323-93C9-4429-8BB6-F372B756DB50}.Debug|Any CPU.ActiveCfg = Debug|Any CPU
		{FC7E3323-93C9-4429-8BB6-F372B756DB50}.Debug|Any CPU.Build.0 = Debug|Any CPU
		{FC7E3323-93C9-4429-8BB6-F372B756DB50}.Release|Any CPU.ActiveCfg = Release|Any CPU
		{FC7E3323-93C9-4429-8BB6-F372B756DB50}.Release|Any CPU.Build.0 = Release|Any CPU
		{BDA96682-7A64-4C34-A57A-F2B4E3BFFE93}.Debug|Any CPU.ActiveCfg = Debug|Any CPU
		{BDA96682-7A64-4C34-A57A-F2B4E3BFFE93}.Debug|Any CPU.Build.0 = Debug|Any CPU
		{BDA96682-7A64-4C34-A57A-F2B4E3BFFE93}.Release|Any CPU.ActiveCfg = Release|Any CPU
		{BDA96682-7A64-4C34-A57A-F2B4E3BFFE93}.Release|Any CPU.Build.0 = Release|Any CPU
		{0439478F-9CC1-4A50-8FF4-C887D18D0248}.Debug|Any CPU.ActiveCfg = Debug|Any CPU
		{0439478F-9CC1-4A50-8FF4-C887D18D0248}.Debug|Any CPU.Build.0 = Debug|Any CPU
		{0439478F-9CC1-4A50-8FF4-C887D18D0248}.Release|Any CPU.ActiveCfg = Release|Any CPU
		{0439478F-9CC1-4A50-8FF4-C887D18D0248}.Release|Any CPU.Build.0 = Release|Any CPU
	EndGlobalSection
	GlobalSection(SolutionProperties) = preSolution
		HideSolutionNode = FALSE
	EndGlobalSection
	GlobalSection(ExtensibilityGlobals) = postSolution
		SolutionGuid = {AA6B4BC4-AB5F-4468-84FB-34553343D2F0}
	EndGlobalSection
EndGlobal
